
Microsoft Visual Studio Solution File, Format Version 12.00
# Visual Studio Version 17
VisualStudioVersion = 17.0.32112.339
MinimumVisualStudioVersion = 10.0.40219.1
Project("{FAE04EC0-301F-11D3-BF4B-00C04F79EFBC}") = "StringExample", "StringExample\StringExample.csproj", "{C9653985-675A-4A05-9C02-D58859735BD3}"
EndProject
Global
	GlobalSection(SolutionConfigurationPlatforms) = preSolution
		Debug|Any CPU = Debug|Any CPU
		Release|Any CPU = Release|Any CPU
	EndGlobalSection
	GlobalSection(ProjectConfigurationPlatforms) = postSolution
		{C9653985-675A-4A05-9C02-D58859735BD3}.Debug|Any CPU.ActiveCfg = Debug|Any CPU
		{C9653985-675A-4A05-9C02-D58859735BD3}.Debug|Any CPU.Build.0 = Debug|Any CPU
		{C9653985-675A-4A05-9C02-D58859735BD3}.Release|Any CPU.ActiveCfg = Release|Any CPU
		{C9653985-675A-4A05-9C02-D58859735BD3}.Release|Any CPU.Build.0 = Release|Any CPU
	EndGlobalSection
	GlobalSection(SolutionProperties) = preSolution
		HideSolutionNode = FALSE
	EndGlobalSection
	GlobalSection(ExtensibilityGlobals) = postSolution
		SolutionGuid = {DC1FADA6-A71B-4F38-B793-DB65D0113FA4}
	EndGlobalSection
EndGlobal
