
Microsoft Visual Studio Solution File, Format Version 12.00
# Visual Studio Version 17
VisualStudioVersion = 17.0.32112.339
MinimumVisualStudioVersion = 10.0.40219.1
Project("{FAE04EC0-301F-11D3-BF4B-00C04F79EFBC}") = "MyMethods1", "MyMethods1\MyMethods1.csproj", "{B642431C-AE52-466D-8767-55288FA8DEB6}"
EndProject
Global
	GlobalSection(SolutionConfigurationPlatforms) = preSolution
		Debug|Any CPU = Debug|Any CPU
		Release|Any CPU = Release|Any CPU
	EndGlobalSection
	GlobalSection(ProjectConfigurationPlatforms) = postSolution
		{B642431C-AE52-466D-8767-55288FA8DEB6}.Debug|Any CPU.ActiveCfg = Debug|Any CPU
		{B642431C-AE52-466D-8767-55288FA8DEB6}.Debug|Any CPU.Build.0 = Debug|Any CPU
		{B642431C-AE52-466D-8767-55288FA8DEB6}.Release|Any CPU.ActiveCfg = Release|Any CPU
		{B642431C-AE52-466D-8767-55288FA8DEB6}.Release|Any CPU.Build.0 = Release|Any CPU
	EndGlobalSection
	GlobalSection(SolutionProperties) = preSolution
		HideSolutionNode = FALSE
	EndGlobalSection
	GlobalSection(ExtensibilityGlobals) = postSolution
		SolutionGuid = {421ED726-C6E6-4D12-9412-BF227DDD384B}
	EndGlobalSection
EndGlobal
