
Microsoft Visual Studio Solution File, Format Version 12.00
# Visual Studio Version 17
VisualStudioVersion = 17.0.32112.339
MinimumVisualStudioVersion = 10.0.40219.1
Project("{FAE04EC0-301F-11D3-BF4B-00C04F79EFBC}") = "MyMethods2", "MyMethods2\MyMethods2.csproj", "{EDD3A5B7-DDF8-4BE3-A060-9ED0458803B9}"
EndProject
Global
	GlobalSection(SolutionConfigurationPlatforms) = preSolution
		Debug|Any CPU = Debug|Any CPU
		Release|Any CPU = Release|Any CPU
	EndGlobalSection
	GlobalSection(ProjectConfigurationPlatforms) = postSolution
		{EDD3A5B7-DDF8-4BE3-A060-9ED0458803B9}.Debug|Any CPU.ActiveCfg = Debug|Any CPU
		{EDD3A5B7-DDF8-4BE3-A060-9ED0458803B9}.Debug|Any CPU.Build.0 = Debug|Any CPU
		{EDD3A5B7-DDF8-4BE3-A060-9ED0458803B9}.Release|Any CPU.ActiveCfg = Release|Any CPU
		{EDD3A5B7-DDF8-4BE3-A060-9ED0458803B9}.Release|Any CPU.Build.0 = Release|Any CPU
	EndGlobalSection
	GlobalSection(SolutionProperties) = preSolution
		HideSolutionNode = FALSE
	EndGlobalSection
	GlobalSection(ExtensibilityGlobals) = postSolution
		SolutionGuid = {561DBF7B-6E4F-4257-8C0A-01788A8D8BFB}
	EndGlobalSection
EndGlobal
