
Microsoft Visual Studio Solution File, Format Version 12.00
# Visual Studio Version 17
VisualStudioVersion = 17.0.32112.339
MinimumVisualStudioVersion = 10.0.40219.1
Project("{FAE04EC0-301F-11D3-BF4B-00C04F79EFBC}") = "relationalOperators", "relationalOperators\relationalOperators.csproj", "{9FC9437D-B7DB-41BA-BE74-6A1BBCD057AF}"
EndProject
Global
	GlobalSection(SolutionConfigurationPlatforms) = preSolution
		Debug|Any CPU = Debug|Any CPU
		Release|Any CPU = Release|Any CPU
	EndGlobalSection
	GlobalSection(ProjectConfigurationPlatforms) = postSolution
		{9FC9437D-B7DB-41BA-BE74-6A1BBCD057AF}.Debug|Any CPU.ActiveCfg = Debug|Any CPU
		{9FC9437D-B7DB-41BA-BE74-6A1BBCD057AF}.Debug|Any CPU.Build.0 = Debug|Any CPU
		{9FC9437D-B7DB-41BA-BE74-6A1BBCD057AF}.Release|Any CPU.ActiveCfg = Release|Any CPU
		{9FC9437D-B7DB-41BA-BE74-6A1BBCD057AF}.Release|Any CPU.Build.0 = Release|Any CPU
	EndGlobalSection
	GlobalSection(SolutionProperties) = preSolution
		HideSolutionNode = FALSE
	EndGlobalSection
	GlobalSection(ExtensibilityGlobals) = postSolution
		SolutionGuid = {6F558C02-AB51-433F-AB5A-C6DE96515600}
	EndGlobalSection
EndGlobal
