
Microsoft Visual Studio Solution File, Format Version 12.00
# Visual Studio Version 17
VisualStudioVersion = 17.0.32112.339
MinimumVisualStudioVersion = 10.0.40219.1
Project("{FAE04EC0-301F-11D3-BF4B-00C04F79EFBC}") = "ForCicle", "ForCicle\ForCicle.csproj", "{BCD45009-D6AA-4013-98B7-597E3E653A76}"
EndProject
Global
	GlobalSection(SolutionConfigurationPlatforms) = preSolution
		Debug|Any CPU = Debug|Any CPU
		Release|Any CPU = Release|Any CPU
	EndGlobalSection
	GlobalSection(ProjectConfigurationPlatforms) = postSolution
		{BCD45009-D6AA-4013-98B7-597E3E653A76}.Debug|Any CPU.ActiveCfg = Debug|Any CPU
		{BCD45009-D6AA-4013-98B7-597E3E653A76}.Debug|Any CPU.Build.0 = Debug|Any CPU
		{BCD45009-D6AA-4013-98B7-597E3E653A76}.Release|Any CPU.ActiveCfg = Release|Any CPU
		{BCD45009-D6AA-4013-98B7-597E3E653A76}.Release|Any CPU.Build.0 = Release|Any CPU
	EndGlobalSection
	GlobalSection(SolutionProperties) = preSolution
		HideSolutionNode = FALSE
	EndGlobalSection
	GlobalSection(ExtensibilityGlobals) = postSolution
		SolutionGuid = {BFF219AD-46C0-4FF5-8EEE-1E6AF84B8ED3}
	EndGlobalSection
EndGlobal
